<?xml version="1.0" encoding="utf-8"?>
<Project ToolsVersion="4.0" xmlns="http://schemas.microsoft.com/developer/msbuild/2003">
  <ItemGroup>
    <Filter Include="Common">
      <UniqueIdentifier>7632e323-ef19-4516-908f-eb78a3fbabeb</UniqueIdentifier>
    </Filter>
    <Filter Include="Assets">
      <UniqueIdentifier>d28ec028-39b6-4da1-a7b1-3d51762f715d</UniqueIdentifier>
      <Extensions>bmp;fbx;gif;jpg;jpeg;tga;tiff;tif;png</Extensions>
    </Filter>
	<Filter Include="Content">
      <UniqueIdentifier>7a86c1c8-9768-4a42-a106-7d4fd8d25d79</UniqueIdentifier>
    </Filter>
    <Image Include="Assets\Logo.png">
      <Filter>Assets</Filter>
    </Image>
    <Image Include="Assets\SmallLogo.png">
      <Filter>Assets</Filter>
    </Image>
    <Image Include="Assets\StoreLogo.png">
      <Filter>Assets</Filter>
    </Image>
    <Image Include="Assets\SplashScreen.png">
      <Filter>Assets</Filter>
    </Image>
  </ItemGroup>
</Project>